
Microsoft Visual Studio Solution File, Format Version 12.00
# Visual Studio Version 16
VisualStudioVersion = 16.0.33927.289
MinimumVisualStudioVersion = 10.0.40219.1
Project("{F184B08F-C81C-45F6-A57F-5ABD9991F28F}") = "Sistem Bioskop Net", "Sistem Bioskop Net.vbproj", "{AB4B163D-8553-45BB-A645-1755302AC3A7}"
EndProject
Global
	GlobalSection(SolutionConfigurationPlatforms) = preSolution
		Debug|Any CPU = Debug|Any CPU
		Release|Any CPU = Release|Any CPU
	EndGlobalSection
	GlobalSection(ProjectConfigurationPlatforms) = postSolution
		{AB4B163D-8553-45BB-A645-1755302AC3A7}.Debug|Any CPU.ActiveCfg = Debug|Any CPU
		{AB4B163D-8553-45BB-A645-1755302AC3A7}.Debug|Any CPU.Build.0 = Debug|Any CPU
		{AB4B163D-8553-45BB-A645-1755302AC3A7}.Release|Any CPU.ActiveCfg = Release|Any CPU
		{AB4B163D-8553-45BB-A645-1755302AC3A7}.Release|Any CPU.Build.0 = Release|Any CPU
	EndGlobalSection
	GlobalSection(SolutionProperties) = preSolution
		HideSolutionNode = FALSE
	EndGlobalSection
	GlobalSection(ExtensibilityGlobals) = postSolution
		SolutionGuid = {B187315B-16E2-4A8B-90AB-01DE84A69E0C}
	EndGlobalSection
EndGlobal
